dependencies:
- name: eazybank-common
  repository: file://../../../eazybank-common
  version: 0.1.0
- name: configserver
  repository: file://../../../eazybank-services/configserver
  version: 0.1.0
- name: eurekaserver
  repository: file://../../../eazybank-services/eurekaserver
  version: 0.1.0
- name: accounts
  repository: file://../../../eazybank-services/accounts
  version: 0.1.0
- name: cards
  repository: file://../../../eazybank-services/cards
  version: 0.1.0
- name: loans
  repository: file://../../../eazybank-services/loans
  version: 0.1.0
- name: gatewayserver
  repository: file://../../../eazybank-services/gatewayserver
  version: 0.1.0
- name: message
  repository: file://../../../eazybank-services/message
  version: 0.1.0
digest: sha256:5a7cf0278934175e915fa9bbe4953c800de7e2dd4a57bf9b50d327c47a0e0192
generated: "2024-11-03T12:57:48.7763025Z"
