dependencies:
- name: eazybank-common
  repository: file://../../../eazybank-common
  version: 0.1.0
- name: configserver
  repository: file://../../../eazybank-services/configserver
  version: 0.1.0
- name: eurekaserver
  repository: file://../../../eazybank-services/eurekaserver
  version: 0.1.0
- name: accounts
  repository: file://../../../eazybank-services/accounts
  version: 0.1.0
- name: cards
  repository: file://../../../eazybank-services/cards
  version: 0.1.0
- name: loans
  repository: file://../../../eazybank-services/loans
  version: 0.1.0
- name: gatewayserver
  repository: file://../../../eazybank-services/gatewayserver
  version: 0.1.0
- name: message
  repository: file://../../../eazybank-services/message
  version: 0.1.0
- name: accountsdb
  repository: file://../../../eazybank-services/accountsdb
  version: 0.1.0
- name: cardsdb
  repository: file://../../../eazybank-services/cardsdb
  version: 0.1.0
- name: loansdb
  repository: file://../../../eazybank-services/loansdb
  version: 0.1.0
- name: rabbit
  repository: file://../../../eazybank-services/rabbit
  version: 0.1.0
- name: redis
  repository: file://../../../eazybank-services/redis
  version: 0.1.0
digest: sha256:bc7be43b9aa726f19ff9bf7a9b81c8ab0652fda1580af6d11f1f017df95083b8
generated: "2024-11-01T17:34:13.8230146Z"
