dependencies:
- name: eazybank-common
  repository: file://../../../eazybank-common
  version: 0.1.0
- name: configserver
  repository: file://../../../eazybank-services/configserver
  version: 0.1.0
- name: accounts
  repository: file://../../../eazybank-services/accounts
  version: 0.1.0
- name: cards
  repository: file://../../../eazybank-services/cards
  version: 0.1.0
- name: loans
  repository: file://../../../eazybank-services/loans
  version: 0.1.0
- name: gatewayserver
  repository: file://../../../eazybank-services/gatewayserver
  version: 0.1.0
- name: message
  repository: file://../../../eazybank-services/message
  version: 0.1.0
digest: sha256:fb5c00e65268d666ce04963d6a4cc6e75529c084a31072b6a0e3980744a51cef
generated: "2024-11-04T11:10:33.8672704Z"
